
Microsoft Visual Studio Solution File, Format Version 12.00
# Visual Studio Version 16
VisualStudioVersion = 16.0.29006.145
MinimumVisualStudioVersion = 10.0.40219.1
Project("{FAE04EC0-301F-11D3-BF4B-00C04F79EFBC}") = "BlazorDualMode.Server", "BlazorDualMode.Server\BlazorDualMode.Server.csproj", "{FABEF24F-2827-4D1A-8E22-8C9930517984}"
EndProject
Project("{FAE04EC0-301F-11D3-BF4B-00C04F79EFBC}") = "BlazorDualMode.Client", "BlazorDualMode.Client\BlazorDualMode.Client.csproj", "{F8544D07-F648-478B-BC0D-2B7C6329FFA1}"
EndProject
Project("{FAE04EC0-301F-11D3-BF4B-00C04F79EFBC}") = "BlazorDualMode.Shared", "BlazorDualMode.Shared\BlazorDualMode.Shared.csproj", "{8DEFACD5-F901-403F-A8A6-1D0E1E42A530}"
EndProject
Global
	GlobalSection(SolutionConfigurationPlatforms) = preSolution
		Debug|Any CPU = Debug|Any CPU
		Release|Any CPU = Release|Any CPU
	EndGlobalSection
	GlobalSection(ProjectConfigurationPlatforms) = postSolution
		{FABEF24F-2827-4D1A-8E22-8C9930517984}.Debug|Any CPU.ActiveCfg = Debug|Any CPU
		{FABEF24F-2827-4D1A-8E22-8C9930517984}.Debug|Any CPU.Build.0 = Debug|Any CPU
		{FABEF24F-2827-4D1A-8E22-8C9930517984}.Release|Any CPU.ActiveCfg = Release|Any CPU
		{FABEF24F-2827-4D1A-8E22-8C9930517984}.Release|Any CPU.Build.0 = Release|Any CPU
		{F8544D07-F648-478B-BC0D-2B7C6329FFA1}.Debug|Any CPU.ActiveCfg = Debug|Any CPU
		{F8544D07-F648-478B-BC0D-2B7C6329FFA1}.Debug|Any CPU.Build.0 = Debug|Any CPU
		{F8544D07-F648-478B-BC0D-2B7C6329FFA1}.Release|Any CPU.ActiveCfg = Release|Any CPU
		{F8544D07-F648-478B-BC0D-2B7C6329FFA1}.Release|Any CPU.Build.0 = Release|Any CPU
		{8DEFACD5-F901-403F-A8A6-1D0E1E42A530}.Debug|Any CPU.ActiveCfg = Debug|Any CPU
		{8DEFACD5-F901-403F-A8A6-1D0E1E42A530}.Debug|Any CPU.Build.0 = Debug|Any CPU
		{8DEFACD5-F901-403F-A8A6-1D0E1E42A530}.Release|Any CPU.ActiveCfg = Release|Any CPU
		{8DEFACD5-F901-403F-A8A6-1D0E1E42A530}.Release|Any CPU.Build.0 = Release|Any CPU
	EndGlobalSection
	GlobalSection(SolutionProperties) = preSolution
		HideSolutionNode = FALSE
	EndGlobalSection
	GlobalSection(ExtensibilityGlobals) = postSolution
		SolutionGuid = {715CA0EE-14D8-4DD6-8EAB-4712703DA4C5}
	EndGlobalSection
EndGlobal
